
Microsoft Visual Studio Solution File, Format Version 12.00
# Visual Studio Version 16
VisualStudioVersion = 16.0.31321.278
MinimumVisualStudioVersion = 10.0.40219.1
Project("{FAE04EC0-301F-11D3-BF4B-00C04F79EFBC}") = "ComputerProject_ThreeCircles", "ComputerProject_ThreeCircles\ComputerProject_ThreeCircles.csproj", "{C3FF7D0F-FD53-4C9E-9CE5-3318DCCA1073}"
EndProject
Global
	GlobalSection(SolutionConfigurationPlatforms) = preSolution
		Debug|Any CPU = Debug|Any CPU
		Release|Any CPU = Release|Any CPU
	EndGlobalSection
	GlobalSection(ProjectConfigurationPlatforms) = postSolution
		{C3FF7D0F-FD53-4C9E-9CE5-3318DCCA1073}.Debug|Any CPU.ActiveCfg = Debug|Any CPU
		{C3FF7D0F-FD53-4C9E-9CE5-3318DCCA1073}.Debug|Any CPU.Build.0 = Debug|Any CPU
		{C3FF7D0F-FD53-4C9E-9CE5-3318DCCA1073}.Release|Any CPU.ActiveCfg = Release|Any CPU
		{C3FF7D0F-FD53-4C9E-9CE5-3318DCCA1073}.Release|Any CPU.Build.0 = Release|Any CPU
	EndGlobalSection
	GlobalSection(SolutionProperties) = preSolution
		HideSolutionNode = FALSE
	EndGlobalSection
	GlobalSection(ExtensibilityGlobals) = postSolution
		SolutionGuid = {210FBD0F-7124-496A-998A-E9F72D8BE521}
	EndGlobalSection
EndGlobal
